
Microsoft Visual Studio Solution File, Format Version 12.00
# Visual Studio Version 17
VisualStudioVersion = 17.3.32901.215
MinimumVisualStudioVersion = 10.0.40219.1
Project("{FAE04EC0-301F-11D3-BF4B-00C04F79EFBC}") = "kiosk", "kiosk\kiosk.csproj", "{EF4E9DD4-0533-4F30-AE30-584290EEB530}"
EndProject
Global
	GlobalSection(SolutionConfigurationPlatforms) = preSolution
		Debug|Any CPU = Debug|Any CPU
		Release|Any CPU = Release|Any CPU
	EndGlobalSection
	GlobalSection(ProjectConfigurationPlatforms) = postSolution
		{EF4E9DD4-0533-4F30-AE30-584290EEB530}.Debug|Any CPU.ActiveCfg = Debug|Any CPU
		{EF4E9DD4-0533-4F30-AE30-584290EEB530}.Debug|Any CPU.Build.0 = Debug|Any CPU
		{EF4E9DD4-0533-4F30-AE30-584290EEB530}.Release|Any CPU.ActiveCfg = Release|Any CPU
		{EF4E9DD4-0533-4F30-AE30-584290EEB530}.Release|Any CPU.Build.0 = Release|Any CPU
	EndGlobalSection
	GlobalSection(SolutionProperties) = preSolution
		HideSolutionNode = FALSE
	EndGlobalSection
	GlobalSection(ExtensibilityGlobals) = postSolution
		SolutionGuid = {A116275D-73FE-4CBA-98AF-D95CE7F707D8}
	EndGlobalSection
EndGlobal
